
Microsoft Visual Studio Solution File, Format Version 12.00
# Visual Studio 15
VisualStudioVersion = 15.0.27130.2003
MinimumVisualStudioVersion = 10.0.40219.1
Project("{FAE04EC0-301F-11D3-BF4B-00C04F79EFBC}") = "RESTfulAPIDesign", "RESTfulAPIDesign\RESTfulAPIDesign.csproj", "{669C7389-3245-4265-A281-48E6C3F71CA7}"
EndProject
Global
	GlobalSection(SolutionConfigurationPlatforms) = preSolution
		Debug|Any CPU = Debug|Any CPU
		Release|Any CPU = Release|Any CPU
	EndGlobalSection
	GlobalSection(ProjectConfigurationPlatforms) = postSolution
		{669C7389-3245-4265-A281-48E6C3F71CA7}.Debug|Any CPU.ActiveCfg = Debug|Any CPU
		{669C7389-3245-4265-A281-48E6C3F71CA7}.Debug|Any CPU.Build.0 = Debug|Any CPU
		{669C7389-3245-4265-A281-48E6C3F71CA7}.Release|Any CPU.ActiveCfg = Release|Any CPU
		{669C7389-3245-4265-A281-48E6C3F71CA7}.Release|Any CPU.Build.0 = Release|Any CPU
	EndGlobalSection
	GlobalSection(SolutionProperties) = preSolution
		HideSolutionNode = FALSE
	EndGlobalSection
	GlobalSection(ExtensibilityGlobals) = postSolution
		SolutionGuid = {39EAB1EB-2129-4DE9-9535-A55C543D402A}
	EndGlobalSection
EndGlobal
